// !$*UTF8*$!
{
	archiveVersion = 1;
	classes = {
	};
	objectVersion = 55;
	objects = {

/* Begin PBXBuildFile section */
		AD58F8FA288AA05800045012 /* AppDelegate.swift in Sources */ = {isa = PBXBuildFile; fileRef = AD58F8F9288AA05800045012 /* AppDelegate.swift */; };
		AD58F8FC288AA05800045012 /* SceneDelegate.swift in Sources */ = {isa = PBXBuildFile; fileRef = AD58F8FB288AA05800045012 /* SceneDelegate.swift */; };
		AD58F901288AA05800045012 /* Main.storyboard in Resources */ = {isa = PBXBuildFile; fileRef = AD58F8FF288AA05800045012 /* Main.storyboard */; };
		AD58F903288AA05800045012 /* Assets.xcassets in Resources */ = {isa = PBXBuildFile; fileRef = AD58F902288AA05800045012 /* Assets.xcassets */; };
		AD58F906288AA05800045012 /* LaunchScreen.storyboard in Resources */ = {isa = PBXBuildFile; fileRef = AD58F904288AA05800045012 /* LaunchScreen.storyboard */; };
		AD701C7C288C109F003CE4EA /* ChoiceCollectionViewController.swift in Sources */ = {isa = PBXBuildFile; fileRef = AD701C7B288C109F003CE4EA /* ChoiceCollectionViewController.swift */; };
		AD701C7E288C10DB003CE4EA /* CharactersCollectionViewCell.swift in Sources */ = {isa = PBXBuildFile; fileRef = AD701C7D288C10DB003CE4EA /* CharactersCollectionViewCell.swift */; };
		AD701C80288C1153003CE4EA /* DetailViewController.swift in Sources */ = {isa = PBXBuildFile; fileRef = AD701C7F288C1153003CE4EA /* DetailViewController.swift */; };
		AD701C82288C117B003CE4EA /* MainViewController.swift in Sources */ = {isa = PBXBuildFile; fileRef = AD701C81288C117B003CE4EA /* MainViewController.swift */; };
		AD701C84288C11BA003CE4EA /* SettingsTableViewController.swift in Sources */ = {isa = PBXBuildFile; fileRef = AD701C83288C11BA003CE4EA /* SettingsTableViewController.swift */; };
		AD701C86288C1222003CE4EA /* SettingsTableViewCell.swift in Sources */ = {isa = PBXBuildFile; fileRef = AD701C85288C1222003CE4EA /* SettingsTableViewCell.swift */; };
		AD701C88288C126D003CE4EA /* NamingViewController.swift in Sources */ = {isa = PBXBuildFile; fileRef = AD701C87288C126D003CE4EA /* NamingViewController.swift */; };
		AD701C8C288C1DBB003CE4EA /* Extenstions.swift in Sources */ = {isa = PBXBuildFile; fileRef = AD701C8B288C1DBB003CE4EA /* Extenstions.swift */; };
		AD701C90288C3F07003CE4EA /* DamagotchiData.swift in Sources */ = {isa = PBXBuildFile; fileRef = AD701C8F288C3F07003CE4EA /* DamagotchiData.swift */; };
		ADD6DEDD288DA42300D2ACDD /* Toast in Frameworks */ = {isa = PBXBuildFile; productRef = ADD6DEDC288DA42300D2ACDD /* Toast */; };
		ADD6DEE0288DA4DE00D2ACDD /* IQKeyboardManagerSwift in Frameworks */ = {isa = PBXBuildFile; productRef = ADD6DEDF288DA4DE00D2ACDD /* IQKeyboardManagerSwift */; };
/* End PBXBuildFile section */

/* Begin PBXFileReference section */
		AD58F8F6288AA05800045012 /* ProjectDamagotchi.app */ = {isa = PBXFileReference; explicitFileType = wrapper.application; includeInIndex = 0; path = ProjectDamagotchi.app; sourceTree = BUILT_PRODUCTS_DIR; };
		AD58F8F9288AA05800045012 /* AppDelegate.swift */ = {isa = PBXFileReference; lastKnownFileType = sourcecode.swift; path = AppDelegate.swift; sourceTree = "<group>"; };
		AD58F8FB288AA05800045012 /* SceneDelegate.swift */ = {isa = PBXFileReference; lastKnownFileType = sourcecode.swift; path = SceneDelegate.swift; sourceTree = "<group>"; };
		AD58F900288AA05800045012 /* Base */ = {isa = PBXFileReference; lastKnownFileType = file.storyboard; name = Base; path = Base.lproj/Main.storyboard; sourceTree = "<group>"; };
		AD58F902288AA05800045012 /* Assets.xcassets */ = {isa = PBXFileReference; lastKnownFileType = folder.assetcatalog; path = Assets.xcassets; sourceTree = "<group>"; };
		AD58F905288AA05800045012 /* Base */ = {isa = PBXFileReference; lastKnownFileType = file.storyboard; name = Base; path = Base.lproj/LaunchScreen.storyboard; sourceTree = "<group>"; };
		AD58F907288AA05800045012 /* Info.plist */ = {isa = PBXFileReference; lastKnownFileType = text.plist.xml; path = Info.plist; sourceTree = "<group>"; };
		AD701C7B288C109F003CE4EA /* ChoiceCollectionViewController.swift */ = {isa = PBXFileReference; lastKnownFileType = sourcecode.swift; path = ChoiceCollectionViewController.swift; sourceTree = "<group>"; };
		AD701C7D288C10DB003CE4EA /* CharactersCollectionViewCell.swift */ = {isa = PBXFileReference; lastKnownFileType = sourcecode.swift; path = CharactersCollectionViewCell.swift; sourceTree = "<group>"; };
		AD701C7F288C1153003CE4EA /* DetailViewController.swift */ = {isa = PBXFileReference; lastKnownFileType = sourcecode.swift; path = DetailViewController.swift; sourceTree = "<group>"; };
		AD701C81288C117B003CE4EA /* MainViewController.swift */ = {isa = PBXFileReference; lastKnownFileType = sourcecode.swift; path = MainViewController.swift; sourceTree = "<group>"; };
		AD701C83288C11BA003CE4EA /* SettingsTableViewController.swift */ = {isa = PBXFileReference; lastKnownFileType = sourcecode.swift; path = SettingsTableViewController.swift; sourceTree = "<group>"; };
		AD701C85288C1222003CE4EA /* SettingsTableViewCell.swift */ = {isa = PBXFileReference; lastKnownFileType = sourcecode.swift; path = SettingsTableViewCell.swift; sourceTree = "<group>"; };
		AD701C87288C126D003CE4EA /* NamingViewController.swift */ = {isa = PBXFileReference; lastKnownFileType = sourcecode.swift; path = NamingViewController.swift; sourceTree = "<group>"; };
		AD701C8B288C1DBB003CE4EA /* Extenstions.swift */ = {isa = PBXFileReference; lastKnownFileType = sourcecode.swift; path = Extenstions.swift; sourceTree = "<group>"; };
		AD701C8F288C3F07003CE4EA /* DamagotchiData.swift */ = {isa = PBXFileReference; lastKnownFileType = sourcecode.swift; path = DamagotchiData.swift; sourceTree = "<group>"; };
/* End PBXFileReference section */

/* Begin PBXFrameworksBuildPhase section */
		AD58F8F3288AA05800045012 /* Frameworks */ = {
			isa = PBXFrameworksBuildPhase;
			buildActionMask = 2147483647;
			files = (
				ADD6DEDD288DA42300D2ACDD /* Toast in Frameworks */,
				ADD6DEE0288DA4DE00D2ACDD /* IQKeyboardManagerSwift in Frameworks */,
			);
			runOnlyForDeploymentPostprocessing = 0;
		};
/* End PBXFrameworksBuildPhase section */

/* Begin PBXGroup section */
		AD58F8ED288AA05800045012 = {
			isa = PBXGroup;
			children = (
				AD58F8F8288AA05800045012 /* ProjectDamagotchi */,
				AD58F8F7288AA05800045012 /* Products */,
			);
			sourceTree = "<group>";
		};
		AD58F8F7288AA05800045012 /* Products */ = {
			isa = PBXGroup;
			children = (
				AD58F8F6288AA05800045012 /* ProjectDamagotchi.app */,
			);
			name = Products;
			sourceTree = "<group>";
		};
		AD58F8F8288AA05800045012 /* ProjectDamagotchi */ = {
			isa = PBXGroup;
			children = (
				AD58F8F9288AA05800045012 /* AppDelegate.swift */,
				AD58F8FB288AA05800045012 /* SceneDelegate.swift */,
				AD701C8B288C1DBB003CE4EA /* Extenstions.swift */,
				AD701C8F288C3F07003CE4EA /* DamagotchiData.swift */,
				AD58F8FF288AA05800045012 /* Main.storyboard */,
				AD701C8A288C14EA003CE4EA /* MainAndSettings */,
				AD701C89288C14C0003CE4EA /* ChoosingDamagotchi */,
				AD58F902288AA05800045012 /* Assets.xcassets */,
				AD58F904288AA05800045012 /* LaunchScreen.storyboard */,
				AD58F907288AA05800045012 /* Info.plist */,
			);
			path = ProjectDamagotchi;
			sourceTree = "<group>";
		};
		AD701C89288C14C0003CE4EA /* ChoosingDamagotchi */ = {
			isa = PBXGroup;
			children = (
				AD701C7B288C109F003CE4EA /* ChoiceCollectionViewController.swift */,
				AD701C7D288C10DB003CE4EA /* CharactersCollectionViewCell.swift */,
				AD701C7F288C1153003CE4EA /* DetailViewController.swift */,
			);
			path = ChoosingDamagotchi;
			sourceTree = "<group>";
		};
		AD701C8A288C14EA003CE4EA /* MainAndSettings */ = {
			isa = PBXGroup;
			children = (
				AD701C81288C117B003CE4EA /* MainViewController.swift */,
				AD701C83288C11BA003CE4EA /* SettingsTableViewController.swift */,
				AD701C85288C1222003CE4EA /* SettingsTableViewCell.swift */,
				AD701C87288C126D003CE4EA /* NamingViewController.swift */,
			);
			path = MainAndSettings;
			sourceTree = "<group>";
		};
/* End PBXGroup section */

/* Begin PBXNativeTarget section */
		AD58F8F5288AA05800045012 /* ProjectDamagotchi */ = {
			isa = PBXNativeTarget;
			buildConfigurationList = AD58F90A288AA05800045012 /* Build configuration list for PBXNativeTarget "ProjectDamagotchi" */;
			buildPhases = (
				AD58F8F2288AA05800045012 /* Sources */,
				AD58F8F3288AA05800045012 /* Frameworks */,
				AD58F8F4288AA05800045012 /* Resources */,
			);
			buildRules = (
			);
			dependencies = (
			);
			name = ProjectDamagotchi;
			packageProductDependencies = (
				ADD6DEDC288DA42300D2ACDD /* Toast */,
				ADD6DEDF288DA4DE00D2ACDD /* IQKeyboardManagerSwift */,
			);
			productName = ProjectDamagotchi;
			productReference = AD58F8F6288AA05800045012 /* ProjectDamagotchi.app */;
			productType = "com.apple.product-type.application";
		};
/* End PBXNativeTarget section */

/* Begin PBXProject section */
		AD58F8EE288AA05800045012 /* Project object */ = {
			isa = PBXProject;
			attributes = {
				BuildIndependentTargetsInParallel = 1;
				LastSwiftUpdateCheck = 1340;
				LastUpgradeCheck = 1340;
				TargetAttributes = {
					AD58F8F5288AA05800045012 = {
						CreatedOnToolsVersion = 13.4.1;
					};
				};
			};
			buildConfigurationList = AD58F8F1288AA05800045012 /* Build configuration list for PBXProject "ProjectDamagotchi" */;
			compatibilityVersion = "Xcode 13.0";
			developmentRegion = en;
			hasScannedForEncodings = 0;
			knownRegions = (
				en,
				Base,
			);
			mainGroup = AD58F8ED288AA05800045012;
			packageReferences = (
				ADD6DEDB288DA42300D2ACDD /* XCRemoteSwiftPackageReference "Toast-Swift" */,
				ADD6DEDE288DA4DE00D2ACDD /* XCRemoteSwiftPackageReference "IQKeyboardManager" */,
			);
			productRefGroup = AD58F8F7288AA05800045012 /* Products */;
			projectDirPath = "";
			projectRoot = "";
			targets = (
				AD58F8F5288AA05800045012 /* ProjectDamagotchi */,
			);
		};
/* End PBXProject section */

/* Begin PBXResourcesBuildPhase section */
		AD58F8F4288AA05800045012 /* Resources */ = {
			isa = PBXResourcesBuildPhase;
			buildActionMask = 2147483647;
			files = (
				AD58F906288AA05800045012 /* LaunchScreen.storyboard in Resources */,
				AD58F903288AA05800045012 /* Assets.xcassets in Resources */,
				AD58F901288AA05800045012 /* Main.storyboard in Resources */,
			);
			runOnlyForDeploymentPostprocessing = 0;
		};
/* End PBXResourcesBuildPhase section */

/* Begin PBXSourcesBuildPhase section */
		AD58F8F2288AA05800045012 /* Sources */ = {
			isa = PBXSourcesBuildPhase;
			buildActionMask = 2147483647;
			files = (
				AD701C7C288C109F003CE4EA /* ChoiceCollectionViewController.swift in Sources */,
				AD58F8FA288AA05800045012 /* AppDelegate.swift in Sources */,
				AD701C86288C1222003CE4EA /* SettingsTableViewCell.swift in Sources */,
				AD701C80288C1153003CE4EA /* DetailViewController.swift in Sources */,
				AD701C88288C126D003CE4EA /* NamingViewController.swift in Sources */,
				AD701C82288C117B003CE4EA /* MainViewController.swift in Sources */,
				AD701C8C288C1DBB003CE4EA /* Extenstions.swift in Sources */,
				AD58F8FC288AA05800045012 /* SceneDelegate.swift in Sources */,
				AD701C90288C3F07003CE4EA /* DamagotchiData.swift in Sources */,
				AD701C7E288C10DB003CE4EA /* CharactersCollectionViewCell.swift in Sources */,
				AD701C84288C11BA003CE4EA /* SettingsTableViewController.swift in Sources */,
			);
			runOnlyForDeploymentPostprocessing = 0;
		};
/* End PBXSourcesBuildPhase section */

/* Begin PBXVariantGroup section */
		AD58F8FF288AA05800045012 /* Main.storyboard */ = {
			isa = PBXVariantGroup;
			children = (
				AD58F900288AA05800045012 /* Base */,
			);
			name = Main.storyboard;
			sourceTree = "<group>";
		};
		AD58F904288AA05800045012 /* LaunchScreen.storyboard */ = {
			isa = PBXVariantGroup;
			children = (
				AD58F905288AA05800045012 /* Base */,
			);
			name = LaunchScreen.storyboard;
			sourceTree = "<group>";
		};
/* End PBXVariantGroup section */

/* Begin XCBuildConfiguration section */
		AD58F908288AA05800045012 /* Debug */ = {
			isa = XCBuildConfiguration;
			buildSettings = {
				ALWAYS_SEARCH_USER_PATHS = NO;
				CLANG_ANALYZER_NONNULL = YES;
				CLANG_ANALYZER_NUMBER_OBJECT_CONVERSION = YES_AGGRESSIVE;
				CLANG_CXX_LANGUAGE_STANDARD = "gnu++17";
				CLANG_ENABLE_MODULES = YES;
				CLANG_ENABLE_OBJC_ARC = YES;
				CLANG_ENABLE_OBJC_WEAK = YES;
				CLANG_WARN_BLOCK_CAPTURE_AUTORELEASING = YES;
				CLANG_WARN_BOOL_CONVERSION = YES;
				CLANG_WARN_COMMA = YES;
				CLANG_WARN_CONSTANT_CONVERSION = YES;
				CLANG_WARN_DEPRECATED_OBJC_IMPLEMENTATIONS = YES;
				CLANG_WARN_DIRECT_OBJC_ISA_USAGE = YES_ERROR;
				CLANG_WARN_DOCUMENTATION_COMMENTS = YES;
				CLANG_WARN_EMPTY_BODY = YES;
				CLANG_WARN_ENUM_CONVERSION = YES;
				CLANG_WARN_INFINITE_RECURSION = YES;
				CLANG_WARN_INT_CONVERSION = YES;
				CLANG_WARN_NON_LITERAL_NULL_CONVERSION = YES;
				CLANG_WARN_OBJC_IMPLICIT_RETAIN_SELF = YES;
				CLANG_WARN_OBJC_LITERAL_CONVERSION = YES;
				CLANG_WARN_OBJC_ROOT_CLASS = YES_ERROR;
				CLANG_WARN_QUOTED_INCLUDE_IN_FRAMEWORK_HEADER = YES;
				CLANG_WARN_RANGE_LOOP_ANALYSIS = YES;
				CLANG_WARN_STRICT_PROTOTYPES = YES;
				CLANG_WARN_SUSPICIOUS_MOVE = YES;
				CLANG_WARN_UNGUARDED_AVAILABILITY = YES_AGGRESSIVE;
				CLANG_WARN_UNREACHABLE_CODE = YES;
				CLANG_WARN__DUPLICATE_METHOD_MATCH = YES;
				COPY_PHASE_STRIP = NO;
				DEBUG_INFORMATION_FORMAT = dwarf;
				ENABLE_STRICT_OBJC_MSGSEND = YES;
				ENABLE_TESTABILITY = YES;
				GCC_C_LANGUAGE_STANDARD = gnu11;
				GCC_DYNAMIC_NO_PIC = NO;
				GCC_NO_COMMON_BLOCKS = YES;
				GCC_OPTIMIZATION_LEVEL = 0;
				GCC_PREPROCESSOR_DEFINITIONS = (
					"DEBUG=1",
					"$(inherited)",
				);
				GCC_WARN_64_TO_32_BIT_CONVERSION = YES;
				GCC_WARN_ABOUT_RETURN_TYPE = YES_ERROR;
				GCC_WARN_UNDECLARED_SELECTOR = YES;
				GCC_WARN_UNINITIALIZED_AUTOS = YES_AGGRESSIVE;
				GCC_WARN_UNUSED_FUNCTION = YES;
				GCC_WARN_UNUSED_VARIABLE = YES;
				IPHONEOS_DEPLOYMENT_TARGET = 15.5;
				MTL_ENABLE_DEBUG_INFO = INCLUDE_SOURCE;
				MTL_FAST_MATH = YES;
				ONLY_ACTIVE_ARCH = YES;
				SDKROOT = iphoneos;
				SWIFT_ACTIVE_COMPILATION_CONDITIONS = DEBUG;
				SWIFT_OPTIMIZATION_LEVEL = "-Onone";
			};
			name = Debug;
		};
		AD58F909288AA05800045012 /* Release */ = {
			isa = XCBuildConfiguration;
			buildSettings = {
				ALWAYS_SEARCH_USER_PATHS = NO;
				CLANG_ANALYZER_NONNULL = YES;
				CLANG_ANALYZER_NUMBER_OBJECT_CONVERSION = YES_AGGRESSIVE;
				CLANG_CXX_LANGUAGE_STANDARD = "gnu++17";
				CLANG_ENABLE_MODULES = YES;
				CLANG_ENABLE_OBJC_ARC = YES;
				CLANG_ENABLE_OBJC_WEAK = YES;
				CLANG_WARN_BLOCK_CAPTURE_AUTORELEASING = YES;
				CLANG_WARN_BOOL_CONVERSION = YES;
				CLANG_WARN_COMMA = YES;
				CLANG_WARN_CONSTANT_CONVERSION = YES;
				CLANG_WARN_DEPRECATED_OBJC_IMPLEMENTATIONS = YES;
				CLANG_WARN_DIRECT_OBJC_ISA_USAGE = YES_ERROR;
				CLANG_WARN_DOCUMENTATION_COMMENTS = YES;
				CLANG_WARN_EMPTY_BODY = YES;
				CLANG_WARN_ENUM_CONVERSION = YES;
				CLANG_WARN_INFINITE_RECURSION = YES;
				CLANG_WARN_INT_CONVERSION = YES;
				CLANG_WARN_NON_LITERAL_NULL_CONVERSION = YES;
				CLANG_WARN_OBJC_IMPLICIT_RETAIN_SELF = YES;
				CLANG_WARN_OBJC_LITERAL_CONVERSION = YES;
				CLANG_WARN_OBJC_ROOT_CLASS = YES_ERROR;
				CLANG_WARN_QUOTED_INCLUDE_IN_FRAMEWORK_HEADER = YES;
				CLANG_WARN_RANGE_LOOP_ANALYSIS = YES;
				CLANG_WARN_STRICT_PROTOTYPES = YES;
				CLANG_WARN_SUSPICIOUS_MOVE = YES;
				CLANG_WARN_UNGUARDED_AVAILABILITY = YES_AGGRESSIVE;
				CLANG_WARN_UNREACHABLE_CODE = YES;
				CLANG_WARN__DUPLICATE_METHOD_MATCH = YES;
				COPY_PHASE_STRIP = NO;
				DEBUG_INFORMATION_FORMAT = "dwarf-with-dsym";
				ENABLE_NS_ASSERTIONS = NO;
				ENABLE_STRICT_OBJC_MSGSEND = YES;
				GCC_C_LANGUAGE_STANDARD = gnu11;
				GCC_NO_COMMON_BLOCKS = YES;
				GCC_WARN_64_TO_32_BIT_CONVERSION = YES;
				GCC_WARN_ABOUT_RETURN_TYPE = YES_ERROR;
				GCC_WARN_UNDECLARED_SELECTOR = YES;
				GCC_WARN_UNINITIALIZED_AUTOS = YES_AGGRESSIVE;
				GCC_WARN_UNUSED_FUNCTION = YES;
				GCC_WARN_UNUSED_VARIABLE = YES;
				IPHONEOS_DEPLOYMENT_TARGET = 15.5;
				MTL_ENABLE_DEBUG_INFO = NO;
				MTL_FAST_MATH = YES;
				SDKROOT = iphoneos;
				SWIFT_COMPILATION_MODE = wholemodule;
				SWIFT_OPTIMIZATION_LEVEL = "-O";
				VALIDATE_PRODUCT = YES;
			};
			name = Release;
		};
		AD58F90B288AA05800045012 /* Debug */ = {
			isa = XCBuildConfiguration;
			buildSettings = {
				ASSETCATALOG_COMPILER_APPICON_NAME = AppIcon;
				ASSETCATALOG_COMPILER_GLOBAL_ACCENT_COLOR_NAME = AccentColor;
				CODE_SIGN_STYLE = Automatic;
				CURRENT_PROJECT_VERSION = 1;
				DEVELOPMENT_TEAM = DLA597KS3F;
				GENERATE_INFOPLIST_FILE = YES;
				INFOPLIST_FILE = ProjectDamagotchi/Info.plist;
				INFOPLIST_KEY_CFBundleDisplayName = "윤준희";
				INFOPLIST_KEY_UIApplicationSupportsIndirectInputEvents = YES;
				INFOPLIST_KEY_UILaunchStoryboardName = LaunchScreen;
				INFOPLIST_KEY_UIMainStoryboardFile = Main;
				INFOPLIST_KEY_UISupportedInterfaceOrientations = UIInterfaceOrientationPortrait;
				INFOPLIST_KEY_UISupportedInterfaceOrientations_iPad = "UIInterfaceOrientationPortrait UIInterfaceOrientationPortraitUpsideDown UIInterfaceOrientationLandscapeLeft UIInterfaceOrientationLandscapeRight";
				INFOPLIST_KEY_UISupportedInterfaceOrientations_iPhone = UIInterfaceOrientationPortrait;
				IPHONEOS_DEPLOYMENT_TARGET = 15.0;
				LD_RUNPATH_SEARCH_PATHS = (
					"$(inherited)",
					"@executable_path/Frameworks",
				);
				MARKETING_VERSION = 1.0;
				PRODUCT_BUNDLE_IDENTIFIER = com.jhee.ProjectDamagotchi;
				PRODUCT_NAME = "$(TARGET_NAME)";
				SWIFT_EMIT_LOC_STRINGS = YES;
				SWIFT_VERSION = 5.0;
				TARGETED_DEVICE_FAMILY = 1;
			};
			name = Debug;
		};
		AD58F90C288AA05800045012 /* Release */ = {
			isa = XCBuildConfiguration;
			buildSettings = {
				ASSETCATALOG_COMPILER_APPICON_NAME = AppIcon;
				ASSETCATALOG_COMPILER_GLOBAL_ACCENT_COLOR_NAME = AccentColor;
				CODE_SIGN_STYLE = Automatic;
				CURRENT_PROJECT_VERSION = 1;
				DEVELOPMENT_TEAM = DLA597KS3F;
				GENERATE_INFOPLIST_FILE = YES;
				INFOPLIST_FILE = ProjectDamagotchi/Info.plist;
				INFOPLIST_KEY_CFBundleDisplayName = "윤준희";
				INFOPLIST_KEY_UIApplicationSupportsIndirectInputEvents = YES;
				INFOPLIST_KEY_UILaunchStoryboardName = LaunchScreen;
				INFOPLIST_KEY_UIMainStoryboardFile = Main;
				INFOPLIST_KEY_UISupportedInterfaceOrientations = UIInterfaceOrientationPortrait;
				INFOPLIST_KEY_UISupportedInterfaceOrientations_iPad = "UIInterfaceOrientationPortrait UIInterfaceOrientationPortraitUpsideDown UIInterfaceOrientationLandscapeLeft UIInterfaceOrientationLandscapeRight";
				INFOPLIST_KEY_UISupportedInterfaceOrientations_iPhone = UIInterfaceOrientationPortrait;
				IPHONEOS_DEPLOYMENT_TARGET = 15.0;
				LD_RUNPATH_SEARCH_PATHS = (
					"$(inherited)",
					"@executable_path/Frameworks",
				);
				MARKETING_VERSION = 1.0;
				PRODUCT_BUNDLE_IDENTIFIER = com.jhee.ProjectDamagotchi;
				PRODUCT_NAME = "$(TARGET_NAME)";
				SWIFT_EMIT_LOC_STRINGS = YES;
				SWIFT_VERSION = 5.0;
				TARGETED_DEVICE_FAMILY = 1;
			};
			name = Release;
		};
/* End XCBuildConfiguration section */

/* Begin XCConfigurationList section */
		AD58F8F1288AA05800045012 /* Build configuration list for PBXProject "ProjectDamagotchi" */ = {
			isa = XCConfigurationList;
			buildConfigurations = (
				AD58F908288AA05800045012 /* Debug */,
				AD58F909288AA05800045012 /* Release */,
			);
			defaultConfigurationIsVisible = 0;
			defaultConfigurationName = Release;
		};
		AD58F90A288AA05800045012 /* Build configuration list for PBXNativeTarget "ProjectDamagotchi" */ = {
			isa = XCConfigurationList;
			buildConfigurations = (
				AD58F90B288AA05800045012 /* Debug */,
				AD58F90C288AA05800045012 /* Release */,
			);
			defaultConfigurationIsVisible = 0;
			defaultConfigurationName = Release;
		};
/* End XCConfigurationList section */

/* Begin XCRemoteSwiftPackageReference section */
		ADD6DEDB288DA42300D2ACDD /* XCRemoteSwiftPackageReference "Toast-Swift" */ = {
			isa = XCRemoteSwiftPackageReference;
			repositoryURL = "https://github.com/scalessec/Toast-Swift.git";
			requirement = {
				kind = upToNextMajorVersion;
				minimumVersion = 5.0.0;
			};
		};
		ADD6DEDE288DA4DE00D2ACDD /* XCRemoteSwiftPackageReference "IQKeyboardManager" */ = {
			isa = XCRemoteSwiftPackageReference;
			repositoryURL = "https://github.com/hackiftekhar/IQKeyboardManager.git";
			requirement = {
				kind = exactVersion;
				version = 6.5.0;
			};
		};
/* End XCRemoteSwiftPackageReference section */

/* Begin XCSwiftPackageProductDependency section */
		ADD6DEDC288DA42300D2ACDD /* Toast */ = {
			isa = XCSwiftPackageProductDependency;
			package = ADD6DEDB288DA42300D2ACDD /* XCRemoteSwiftPackageReference "Toast-Swift" */;
			productName = Toast;
		};
		ADD6DEDF288DA4DE00D2ACDD /* IQKeyboardManagerSwift */ = {
			isa = XCSwiftPackageProductDependency;
			package = ADD6DEDE288DA4DE00D2ACDD /* XCRemoteSwiftPackageReference "IQKeyboardManager" */;
			productName = IQKeyboardManagerSwift;
		};
/* End XCSwiftPackageProductDependency section */
	};
	rootObject = AD58F8EE288AA05800045012 /* Project object */;
}
